
Microsoft Visual Studio Solution File, Format Version 12.00
# Visual Studio 15
VisualStudioVersion = 15.0.28307.1231
MinimumVisualStudioVersion = 10.0.40219.1
Project("{159641D6-6404-4A2A-AE62-294DE0FE8301}") = "Ejercicio2ETL", "Ejercicio2ETL\Ejercicio2ETL.dtproj", "{15573954-1CD6-4154-8BB9-FBCF77FCAE87}"
EndProject
Global
	GlobalSection(SolutionConfigurationPlatforms) = preSolution
		Development|Default = Development|Default
	EndGlobalSection
	GlobalSection(ProjectConfigurationPlatforms) = postSolution
		{15573954-1CD6-4154-8BB9-FBCF77FCAE87}.Development|Default.ActiveCfg = Development
		{15573954-1CD6-4154-8BB9-FBCF77FCAE87}.Development|Default.Build.0 = Development
	EndGlobalSection
	GlobalSection(SolutionProperties) = preSolution
		HideSolutionNode = FALSE
	EndGlobalSection
	GlobalSection(ExtensibilityGlobals) = postSolution
		SolutionGuid = {31C191B4-9C04-4998-9F8D-1128903BF494}
	EndGlobalSection
EndGlobal
